
Microsoft Visual Studio Solution File, Format Version 12.00
# Visual Studio 15
VisualStudioVersion = 15.0.27703.2047
MinimumVisualStudioVersion = 10.0.40219.1
Project("{FAE04EC0-301F-11D3-BF4B-00C04F79EFBC}") = "MoviesMoo", "MoviesMoo\MoviesMoo.csproj", "{A825C6FA-B411-4BE3-843F-88E11933963F}"
EndProject
Global
	GlobalSection(SolutionConfigurationPlatforms) = preSolution
		Debug|Any CPU = Debug|Any CPU
		Release|Any CPU = Release|Any CPU
	EndGlobalSection
	GlobalSection(ProjectConfigurationPlatforms) = postSolution
		{A825C6FA-B411-4BE3-843F-88E11933963F}.Debug|Any CPU.ActiveCfg = Debug|Any CPU
		{A825C6FA-B411-4BE3-843F-88E11933963F}.Debug|Any CPU.Build.0 = Debug|Any CPU
		{A825C6FA-B411-4BE3-843F-88E11933963F}.Release|Any CPU.ActiveCfg = Release|Any CPU
		{A825C6FA-B411-4BE3-843F-88E11933963F}.Release|Any CPU.Build.0 = Release|Any CPU
	EndGlobalSection
	GlobalSection(SolutionProperties) = preSolution
		HideSolutionNode = FALSE
	EndGlobalSection
	GlobalSection(ExtensibilityGlobals) = postSolution
		SolutionGuid = {8844C4CD-F90B-4033-B818-D67C9A1049EA}
	EndGlobalSection
EndGlobal
